
Microsoft Visual Studio Solution File, Format Version 12.00
# Visual Studio Version 17
VisualStudioVersion = 17.3.32819.101
MinimumVisualStudioVersion = 10.0.40219.1
Project("{FAE04EC0-301F-11D3-BF4B-00C04F79EFBC}") = "ConsoleBattleships", "ConsoleBattleships.csproj", "{8A23D3B2-D8F3-4A5F-B9FE-7E07A5F28C5E}"
EndProject
Global
	GlobalSection(SolutionConfigurationPlatforms) = preSolution
		Debug|Any CPU = Debug|Any CPU
		Release|Any CPU = Release|Any CPU
	EndGlobalSection
	GlobalSection(ProjectConfigurationPlatforms) = postSolution
		{8A23D3B2-D8F3-4A5F-B9FE-7E07A5F28C5E}.Debug|Any CPU.ActiveCfg = Debug|Any CPU
		{8A23D3B2-D8F3-4A5F-B9FE-7E07A5F28C5E}.Debug|Any CPU.Build.0 = Debug|Any CPU
		{8A23D3B2-D8F3-4A5F-B9FE-7E07A5F28C5E}.Release|Any CPU.ActiveCfg = Release|Any CPU
		{8A23D3B2-D8F3-4A5F-B9FE-7E07A5F28C5E}.Release|Any CPU.Build.0 = Release|Any CPU
	EndGlobalSection
	GlobalSection(SolutionProperties) = preSolution
		HideSolutionNode = FALSE
	EndGlobalSection
	GlobalSection(ExtensibilityGlobals) = postSolution
		SolutionGuid = {F5C2108D-2909-47F0-A555-4C5FDDC27382}
	EndGlobalSection
EndGlobal
